// !$*UTF8*$!
{
	archiveVersion = 1;
	classes = {
	};
	objectVersion = 56;
	objects = {

/* Begin PBXBuildFile section */
		4B19FE4029AE1EC700DDE281 /* ViewControllerBuilder.swift in Sources */ = {isa = PBXBuildFile; fileRef = 4B19FE3F29AE1EC700DDE281 /* ViewControllerBuilder.swift */; };
		4B19FE5129AE368000DDE281 /* SearchViewControllerBuilder.swift in Sources */ = {isa = PBXBuildFile; fileRef = 4B19FE5029AE368000DDE281 /* SearchViewControllerBuilder.swift */; };
		4B31316729B4E10600F72F42 /* MiniPlayerView.swift in Sources */ = {isa = PBXBuildFile; fileRef = 4B31316629B4E10600F72F42 /* MiniPlayerView.swift */; };
		4B31316929B4E92300F72F42 /* MiniPlayerDelegate.swift in Sources */ = {isa = PBXBuildFile; fileRef = 4B31316829B4E92300F72F42 /* MiniPlayerDelegate.swift */; };
		4B38CE7929A2752D0073D424 /* SearchHeader.swift in Sources */ = {isa = PBXBuildFile; fileRef = 4B38CE7829A2752D0073D424 /* SearchHeader.swift */; };
		4B77D42029C095AF006E1365 /* UserDefaultsService.swift in Sources */ = {isa = PBXBuildFile; fileRef = 4B77D41F29C095AF006E1365 /* UserDefaultsService.swift */; };
		4B77D42229C09917006E1365 /* UserDefaultsError.swift in Sources */ = {isa = PBXBuildFile; fileRef = 4B77D42129C09917006E1365 /* UserDefaultsError.swift */; };
		4B78A26A29A1012B007DE4F5 /* UIImageView + Extension.swift in Sources */ = {isa = PBXBuildFile; fileRef = 4B78A26929A1012B007DE4F5 /* UIImageView + Extension.swift */; };
		4B78A26C29A1013C007DE4F5 /* UILabel + Extension.swift in Sources */ = {isa = PBXBuildFile; fileRef = 4B78A26B29A1013C007DE4F5 /* UILabel + Extension.swift */; };
		4B78A26E29A10151007DE4F5 /* UIButton + Extension.swift in Sources */ = {isa = PBXBuildFile; fileRef = 4B78A26D29A10151007DE4F5 /* UIButton + Extension.swift */; };
		4B78A27029A1016E007DE4F5 /* UIStackView + Extension.swift in Sources */ = {isa = PBXBuildFile; fileRef = 4B78A26F29A1016E007DE4F5 /* UIStackView + Extension.swift */; };
		4B78A27229A1018B007DE4F5 /* UIFont + Extension.swift in Sources */ = {isa = PBXBuildFile; fileRef = 4B78A27129A1018B007DE4F5 /* UIFont + Extension.swift */; };
		4B9ABEAD29BE07E100A3457D /* Library.swift in Sources */ = {isa = PBXBuildFile; fileRef = 4B9ABEAC29BE07E100A3457D /* Library.swift */; };
		4BB5165329A396B9006FFB1E /* TrackDetailsView.swift in Sources */ = {isa = PBXBuildFile; fileRef = 4BB5165229A396B9006FFB1E /* TrackDetailsView.swift */; };
		4BC0120E29A561A40068909E /* UISlider + Extension.swift in Sources */ = {isa = PBXBuildFile; fileRef = 4BC0120D29A561A40068909E /* UISlider + Extension.swift */; };
		4BC0CFED29A6316B00618880 /* CMTime + Extension.swift in Sources */ = {isa = PBXBuildFile; fileRef = 4BC0CFEC29A6316B00618880 /* CMTime + Extension.swift */; };
		4BC35D4729A2497D00140545 /* TrackCellViewModel.swift in Sources */ = {isa = PBXBuildFile; fileRef = 4BC35D4629A2497D00140545 /* TrackCellViewModel.swift */; };
		4BD4574C299AC83400C9DFFC /* SearchResponse.swift in Sources */ = {isa = PBXBuildFile; fileRef = 4BD4574B299AC83400C9DFFC /* SearchResponse.swift */; };
		4BD4574E299AC85700C9DFFC /* Track.swift in Sources */ = {isa = PBXBuildFile; fileRef = 4BD4574D299AC85700C9DFFC /* Track.swift */; };
		4BD45751299AD3FF00C9DFFC /* NetworkService.swift in Sources */ = {isa = PBXBuildFile; fileRef = 4BD45750299AD3FF00C9DFFC /* NetworkService.swift */; };
		4BD4576C299AE94000C9DFFC /* SearchPresenter.swift in Sources */ = {isa = PBXBuildFile; fileRef = 4BD45765299AE94000C9DFFC /* SearchPresenter.swift */; };
		4BD4576D299AE94000C9DFFC /* SearchWorker.swift in Sources */ = {isa = PBXBuildFile; fileRef = 4BD45766299AE94000C9DFFC /* SearchWorker.swift */; };
		4BD4576E299AE94000C9DFFC /* SearchRouter.swift in Sources */ = {isa = PBXBuildFile; fileRef = 4BD45767299AE94000C9DFFC /* SearchRouter.swift */; };
		4BD4576F299AE94000C9DFFC /* SearchModels.swift in Sources */ = {isa = PBXBuildFile; fileRef = 4BD45768299AE94000C9DFFC /* SearchModels.swift */; };
		4BD45770299AE94000C9DFFC /* SearchViewController.swift in Sources */ = {isa = PBXBuildFile; fileRef = 4BD45769299AE94000C9DFFC /* SearchViewController.swift */; };
		4BD45771299AE94000C9DFFC /* SearchInteractor.swift in Sources */ = {isa = PBXBuildFile; fileRef = 4BD4576A299AE94000C9DFFC /* SearchInteractor.swift */; };
		4BDABA27299D005F0031BD09 /* TrackCell.swift in Sources */ = {isa = PBXBuildFile; fileRef = 4BDABA26299D005F0031BD09 /* TrackCell.swift */; };
		4BDABA2A299D07490031BD09 /* Updatable.swift in Sources */ = {isa = PBXBuildFile; fileRef = 4BDABA29299D07490031BD09 /* Updatable.swift */; };
		4BDFE64A29C1E90700F56766 /* UIApplication + Extension.swift in Sources */ = {isa = PBXBuildFile; fileRef = 4BDFE64929C1E90700F56766 /* UIApplication + Extension.swift */; };
		4BFB630B29A6735200454C67 /* TracksNavigationDelegate.swift in Sources */ = {isa = PBXBuildFile; fileRef = 4BFB630A29A6735200454C67 /* TracksNavigationDelegate.swift */; };
		4BFCCE84299A4D37009FC3F6 /* AppDelegate.swift in Sources */ = {isa = PBXBuildFile; fileRef = 4BFCCE83299A4D37009FC3F6 /* AppDelegate.swift */; };
		4BFCCE86299A4D37009FC3F6 /* SceneDelegate.swift in Sources */ = {isa = PBXBuildFile; fileRef = 4BFCCE85299A4D37009FC3F6 /* SceneDelegate.swift */; };
		4BFCCE8D299A4D38009FC3F6 /* Assets.xcassets in Resources */ = {isa = PBXBuildFile; fileRef = 4BFCCE8C299A4D38009FC3F6 /* Assets.xcassets */; };
		4BFCCE90299A4D38009FC3F6 /* LaunchScreen.storyboard in Resources */ = {isa = PBXBuildFile; fileRef = 4BFCCE8E299A4D38009FC3F6 /* LaunchScreen.storyboard */; };
		4BFCCE98299A4D88009FC3F6 /* MainTabBarController.swift in Sources */ = {isa = PBXBuildFile; fileRef = 4BFCCE97299A4D88009FC3F6 /* MainTabBarController.swift */; };
		4BFCCE9E299A5461009FC3F6 /* UIColor + Extension.swift in Sources */ = {isa = PBXBuildFile; fileRef = 4BFCCE9D299A5461009FC3F6 /* UIColor + Extension.swift */; };
		AE5F771DBC43335CFE6CAE9C /* Pods_myMusic.framework in Frameworks */ = {isa = PBXBuildFile; fileRef = F8BA4952E32EB78D53D28E30 /* Pods_myMusic.framework */; };
/* End PBXBuildFile section */

/* Begin PBXFileReference section */
		4B19FE3F29AE1EC700DDE281 /* ViewControllerBuilder.swift */ = {isa = PBXFileReference; lastKnownFileType = sourcecode.swift; path = ViewControllerBuilder.swift; sourceTree = "<group>"; };
		4B19FE5029AE368000DDE281 /* SearchViewControllerBuilder.swift */ = {isa = PBXFileReference; lastKnownFileType = sourcecode.swift; path = SearchViewControllerBuilder.swift; sourceTree = "<group>"; };
		4B31316629B4E10600F72F42 /* MiniPlayerView.swift */ = {isa = PBXFileReference; lastKnownFileType = sourcecode.swift; path = MiniPlayerView.swift; sourceTree = "<group>"; };
		4B31316829B4E92300F72F42 /* MiniPlayerDelegate.swift */ = {isa = PBXFileReference; lastKnownFileType = sourcecode.swift; path = MiniPlayerDelegate.swift; sourceTree = "<group>"; };
		4B38CE7829A2752D0073D424 /* SearchHeader.swift */ = {isa = PBXFileReference; lastKnownFileType = sourcecode.swift; path = SearchHeader.swift; sourceTree = "<group>"; };
		4B77D41F29C095AF006E1365 /* UserDefaultsService.swift */ = {isa = PBXFileReference; lastKnownFileType = sourcecode.swift; path = UserDefaultsService.swift; sourceTree = "<group>"; };
		4B77D42129C09917006E1365 /* UserDefaultsError.swift */ = {isa = PBXFileReference; lastKnownFileType = sourcecode.swift; path = UserDefaultsError.swift; sourceTree = "<group>"; };
		4B78A26929A1012B007DE4F5 /* UIImageView + Extension.swift */ = {isa = PBXFileReference; fileEncoding = 4; lastKnownFileType = sourcecode.swift; path = "UIImageView + Extension.swift"; sourceTree = "<group>"; };
		4B78A26B29A1013C007DE4F5 /* UILabel + Extension.swift */ = {isa = PBXFileReference; fileEncoding = 4; lastKnownFileType = sourcecode.swift; path = "UILabel + Extension.swift"; sourceTree = "<group>"; };
		4B78A26D29A10151007DE4F5 /* UIButton + Extension.swift */ = {isa = PBXFileReference; fileEncoding = 4; lastKnownFileType = sourcecode.swift; path = "UIButton + Extension.swift"; sourceTree = "<group>"; };
		4B78A26F29A1016E007DE4F5 /* UIStackView + Extension.swift */ = {isa = PBXFileReference; fileEncoding = 4; lastKnownFileType = sourcecode.swift; path = "UIStackView + Extension.swift"; sourceTree = "<group>"; };
		4B78A27129A1018B007DE4F5 /* UIFont + Extension.swift */ = {isa = PBXFileReference; fileEncoding = 4; lastKnownFileType = sourcecode.swift; path = "UIFont + Extension.swift"; sourceTree = "<group>"; };
		4B9ABEAC29BE07E100A3457D /* Library.swift */ = {isa = PBXFileReference; lastKnownFileType = sourcecode.swift; path = Library.swift; sourceTree = "<group>"; };
		4BB5165229A396B9006FFB1E /* TrackDetailsView.swift */ = {isa = PBXFileReference; lastKnownFileType = sourcecode.swift; path = TrackDetailsView.swift; sourceTree = "<group>"; };
		4BC0120D29A561A40068909E /* UISlider + Extension.swift */ = {isa = PBXFileReference; lastKnownFileType = sourcecode.swift; path = "UISlider + Extension.swift"; sourceTree = "<group>"; };
		4BC0CFEC29A6316B00618880 /* CMTime + Extension.swift */ = {isa = PBXFileReference; lastKnownFileType = sourcecode.swift; path = "CMTime + Extension.swift"; sourceTree = "<group>"; };
		4BC35D4629A2497D00140545 /* TrackCellViewModel.swift */ = {isa = PBXFileReference; lastKnownFileType = sourcecode.swift; path = TrackCellViewModel.swift; sourceTree = "<group>"; };
		4BD4574B299AC83400C9DFFC /* SearchResponse.swift */ = {isa = PBXFileReference; lastKnownFileType = sourcecode.swift; path = SearchResponse.swift; sourceTree = "<group>"; };
		4BD4574D299AC85700C9DFFC /* Track.swift */ = {isa = PBXFileReference; lastKnownFileType = sourcecode.swift; path = Track.swift; sourceTree = "<group>"; };
		4BD45750299AD3FF00C9DFFC /* NetworkService.swift */ = {isa = PBXFileReference; lastKnownFileType = sourcecode.swift; path = NetworkService.swift; sourceTree = "<group>"; };
		4BD45765299AE94000C9DFFC /* SearchPresenter.swift */ = {isa = PBXFileReference; lastKnownFileType = sourcecode.swift; path = SearchPresenter.swift; sourceTree = "<group>"; };
		4BD45766299AE94000C9DFFC /* SearchWorker.swift */ = {isa = PBXFileReference; lastKnownFileType = sourcecode.swift; path = SearchWorker.swift; sourceTree = "<group>"; };
		4BD45767299AE94000C9DFFC /* SearchRouter.swift */ = {isa = PBXFileReference; lastKnownFileType = sourcecode.swift; path = SearchRouter.swift; sourceTree = "<group>"; };
		4BD45768299AE94000C9DFFC /* SearchModels.swift */ = {isa = PBXFileReference; lastKnownFileType = sourcecode.swift; path = SearchModels.swift; sourceTree = "<group>"; };
		4BD45769299AE94000C9DFFC /* SearchViewController.swift */ = {isa = PBXFileReference; lastKnownFileType = sourcecode.swift; path = SearchViewController.swift; sourceTree = "<group>"; };
		4BD4576A299AE94000C9DFFC /* SearchInteractor.swift */ = {isa = PBXFileReference; lastKnownFileType = sourcecode.swift; path = SearchInteractor.swift; sourceTree = "<group>"; };
		4BDABA26299D005F0031BD09 /* TrackCell.swift */ = {isa = PBXFileReference; lastKnownFileType = sourcecode.swift; path = TrackCell.swift; sourceTree = "<group>"; };
		4BDABA29299D07490031BD09 /* Updatable.swift */ = {isa = PBXFileReference; lastKnownFileType = sourcecode.swift; path = Updatable.swift; sourceTree = "<group>"; };
		4BDFE64929C1E90700F56766 /* UIApplication + Extension.swift */ = {isa = PBXFileReference; lastKnownFileType = sourcecode.swift; path = "UIApplication + Extension.swift"; sourceTree = "<group>"; };
		4BFB630A29A6735200454C67 /* TracksNavigationDelegate.swift */ = {isa = PBXFileReference; lastKnownFileType = sourcecode.swift; path = TracksNavigationDelegate.swift; sourceTree = "<group>"; };
		4BFCCE80299A4D37009FC3F6 /* myMusic.app */ = {isa = PBXFileReference; explicitFileType = wrapper.application; includeInIndex = 0; path = myMusic.app; sourceTree = BUILT_PRODUCTS_DIR; };
		4BFCCE83299A4D37009FC3F6 /* AppDelegate.swift */ = {isa = PBXFileReference; lastKnownFileType = sourcecode.swift; path = AppDelegate.swift; sourceTree = "<group>"; };
		4BFCCE85299A4D37009FC3F6 /* SceneDelegate.swift */ = {isa = PBXFileReference; lastKnownFileType = sourcecode.swift; path = SceneDelegate.swift; sourceTree = "<group>"; };
		4BFCCE8C299A4D38009FC3F6 /* Assets.xcassets */ = {isa = PBXFileReference; lastKnownFileType = folder.assetcatalog; path = Assets.xcassets; sourceTree = "<group>"; };
		4BFCCE8F299A4D38009FC3F6 /* Base */ = {isa = PBXFileReference; lastKnownFileType = file.storyboard; name = Base; path = Base.lproj/LaunchScreen.storyboard; sourceTree = "<group>"; };
		4BFCCE91299A4D38009FC3F6 /* Info.plist */ = {isa = PBXFileReference; lastKnownFileType = text.plist.xml; path = Info.plist; sourceTree = "<group>"; };
		4BFCCE97299A4D88009FC3F6 /* MainTabBarController.swift */ = {isa = PBXFileReference; lastKnownFileType = sourcecode.swift; path = MainTabBarController.swift; sourceTree = "<group>"; };
		4BFCCE9D299A5461009FC3F6 /* UIColor + Extension.swift */ = {isa = PBXFileReference; fileEncoding = 4; lastKnownFileType = sourcecode.swift; path = "UIColor + Extension.swift"; sourceTree = "<group>"; };
		606181429B44D21DF1C38361 /* Pods-myMusic.debug.xcconfig */ = {isa = PBXFileReference; includeInIndex = 1; lastKnownFileType = text.xcconfig; name = "Pods-myMusic.debug.xcconfig"; path = "Target Support Files/Pods-myMusic/Pods-myMusic.debug.xcconfig"; sourceTree = "<group>"; };
		C951A9E57508DEF931A412C2 /* Pods-myMusic.release.xcconfig */ = {isa = PBXFileReference; includeInIndex = 1; lastKnownFileType = text.xcconfig; name = "Pods-myMusic.release.xcconfig"; path = "Target Support Files/Pods-myMusic/Pods-myMusic.release.xcconfig"; sourceTree = "<group>"; };
		F8BA4952E32EB78D53D28E30 /* Pods_myMusic.framework */ = {isa = PBXFileReference; explicitFileType = wrapper.framework; includeInIndex = 0; path = Pods_myMusic.framework; sourceTree = BUILT_PRODUCTS_DIR; };
/* End PBXFileReference section */

/* Begin PBXFrameworksBuildPhase section */
		4BFCCE7D299A4D37009FC3F6 /* Frameworks */ = {
			isa = PBXFrameworksBuildPhase;
			buildActionMask = 2147483647;
			files = (
				AE5F771DBC43335CFE6CAE9C /* Pods_myMusic.framework in Frameworks */,
			);
			runOnlyForDeploymentPostprocessing = 0;
		};
/* End PBXFrameworksBuildPhase section */

/* Begin PBXGroup section */
		4B38CE7629A2750B0073D424 /* Headers */ = {
			isa = PBXGroup;
			children = (
				4B38CE7829A2752D0073D424 /* SearchHeader.swift */,
			);
			path = Headers;
			sourceTree = "<group>";
		};
		4B38CE7729A275100073D424 /* Cells */ = {
			isa = PBXGroup;
			children = (
				4BDABA26299D005F0031BD09 /* TrackCell.swift */,
			);
			path = Cells;
			sourceTree = "<group>";
		};
		4B77D41E29C09591006E1365 /* User Defaults Service */ = {
			isa = PBXGroup;
			children = (
				4B77D41F29C095AF006E1365 /* UserDefaultsService.swift */,
			);
			path = "User Defaults Service";
			sourceTree = "<group>";
		};
		4BC0CFEB29A6314500618880 /* Network Service */ = {
			isa = PBXGroup;
			children = (
				4BC35D4329A2473200140545 /* Models */,
				4BD45750299AD3FF00C9DFFC /* NetworkService.swift */,
			);
			path = "Network Service";
			sourceTree = "<group>";
		};
		4BC35D4329A2473200140545 /* Models */ = {
			isa = PBXGroup;
			children = (
				4BD4574B299AC83400C9DFFC /* SearchResponse.swift */,
				4BD4574D299AC85700C9DFFC /* Track.swift */,
			);
			path = Models;
			sourceTree = "<group>";
		};
		4BC35D4429A2474700140545 /* Main */ = {
			isa = PBXGroup;
			children = (
				4BFCCE97299A4D88009FC3F6 /* MainTabBarController.swift */,
			);
			path = Main;
			sourceTree = "<group>";
		};
		4BC35D4529A2475D00140545 /* Sources */ = {
			isa = PBXGroup;
			children = (
				4BFCCE8C299A4D38009FC3F6 /* Assets.xcassets */,
				4BFCCE8E299A4D38009FC3F6 /* LaunchScreen.storyboard */,
				4BFCCE91299A4D38009FC3F6 /* Info.plist */,
			);
			path = Sources;
			sourceTree = "<group>";
		};
		4BC8FA8C29BCB98E00B1E91B /* Library */ = {
			isa = PBXGroup;
			children = (
				4B9ABEAC29BE07E100A3457D /* Library.swift */,
			);
			path = Library;
			sourceTree = "<group>";
		};
		4BD4574F299AD3F300C9DFFC /* Services */ = {
			isa = PBXGroup;
			children = (
				4B77D41E29C09591006E1365 /* User Defaults Service */,
				4BC0CFEB29A6314500618880 /* Network Service */,
			);
			path = Services;
			sourceTree = "<group>";
		};
		4BD45752299AD6D400C9DFFC /* Helpers */ = {
			isa = PBXGroup;
			children = (
				4B31316629B4E10600F72F42 /* MiniPlayerView.swift */,
				4BB5165229A396B9006FFB1E /* TrackDetailsView.swift */,
				4B19FE5029AE368000DDE281 /* SearchViewControllerBuilder.swift */,
				4B77D42129C09917006E1365 /* UserDefaultsError.swift */,
			);
			path = Helpers;
			sourceTree = "<group>";
		};
		4BD45755299AE85000C9DFFC /* Search */ = {
			isa = PBXGroup;
			children = (
				4BD45769299AE94000C9DFFC /* SearchViewController.swift */,
				4BD4576A299AE94000C9DFFC /* SearchInteractor.swift */,
				4BD45765299AE94000C9DFFC /* SearchPresenter.swift */,
				4BD45768299AE94000C9DFFC /* SearchModels.swift */,
				4BD45766299AE94000C9DFFC /* SearchWorker.swift */,
				4BD45767299AE94000C9DFFC /* SearchRouter.swift */,
			);
			path = Search;
			sourceTree = "<group>";
		};
		4BD45764299AE93000C9DFFC /* Scenes */ = {
			isa = PBXGroup;
			children = (
				4BC35D4429A2474700140545 /* Main */,
				4BD45755299AE85000C9DFFC /* Search */,
				4BC8FA8C29BCB98E00B1E91B /* Library */,
			);
			path = Scenes;
			sourceTree = "<group>";
		};
		4BDABA24299CDFE40031BD09 /* App */ = {
			isa = PBXGroup;
			children = (
				4BFCCE83299A4D37009FC3F6 /* AppDelegate.swift */,
				4BFCCE85299A4D37009FC3F6 /* SceneDelegate.swift */,
			);
			path = App;
			sourceTree = "<group>";
		};
		4BDABA25299CFF8F0031BD09 /* Cells and Supplementary Views */ = {
			isa = PBXGroup;
			children = (
				4B38CE7729A275100073D424 /* Cells */,
				4B38CE7629A2750B0073D424 /* Headers */,
			);
			path = "Cells and Supplementary Views";
			sourceTree = "<group>";
		};
		4BDABA28299D073C0031BD09 /* Protocols */ = {
			isa = PBXGroup;
			children = (
				4BDABA29299D07490031BD09 /* Updatable.swift */,
				4BC35D4629A2497D00140545 /* TrackCellViewModel.swift */,
				4BFB630A29A6735200454C67 /* TracksNavigationDelegate.swift */,
				4B19FE3F29AE1EC700DDE281 /* ViewControllerBuilder.swift */,
				4B31316829B4E92300F72F42 /* MiniPlayerDelegate.swift */,
			);
			path = Protocols;
			sourceTree = "<group>";
		};
		4BFCCE77299A4D37009FC3F6 = {
			isa = PBXGroup;
			children = (
				4BFCCE82299A4D37009FC3F6 /* myMusic */,
				4BFCCE81299A4D37009FC3F6 /* Products */,
				B6CCF5EF86D1BE9E324203F8 /* Pods */,
				B2D663D6D0610871913A6DBC /* Frameworks */,
			);
			sourceTree = "<group>";
		};
		4BFCCE81299A4D37009FC3F6 /* Products */ = {
			isa = PBXGroup;
			children = (
				4BFCCE80299A4D37009FC3F6 /* myMusic.app */,
			);
			name = Products;
			sourceTree = "<group>";
		};
		4BFCCE82299A4D37009FC3F6 /* myMusic */ = {
			isa = PBXGroup;
			children = (
				4BDABA24299CDFE40031BD09 /* App */,
				4BDABA25299CFF8F0031BD09 /* Cells and Supplementary Views */,
				4BD45752299AD6D400C9DFFC /* Helpers */,
				4BFCCE9B299A542E009FC3F6 /* Extensions */,
				4BDABA28299D073C0031BD09 /* Protocols */,
				4BD45764299AE93000C9DFFC /* Scenes */,
				4BD4574F299AD3F300C9DFFC /* Services */,
				4BC35D4529A2475D00140545 /* Sources */,
			);
			path = myMusic;
			sourceTree = "<group>";
		};
		4BFCCE9B299A542E009FC3F6 /* Extensions */ = {
			isa = PBXGroup;
			children = (
				4BC0CFEC29A6316B00618880 /* CMTime + Extension.swift */,
				4BFCCE9C299A5444009FC3F6 /* UIKit + Extension */,
			);
			path = Extensions;
			sourceTree = "<group>";
		};
		4BFCCE9C299A5444009FC3F6 /* UIKit + Extension */ = {
			isa = PBXGroup;
			children = (
				4B78A26F29A1016E007DE4F5 /* UIStackView + Extension.swift */,
				4B78A26D29A10151007DE4F5 /* UIButton + Extension.swift */,
				4B78A27129A1018B007DE4F5 /* UIFont + Extension.swift */,
				4B78A26B29A1013C007DE4F5 /* UILabel + Extension.swift */,
				4B78A26929A1012B007DE4F5 /* UIImageView + Extension.swift */,
				4BFCCE9D299A5461009FC3F6 /* UIColor + Extension.swift */,
				4BC0120D29A561A40068909E /* UISlider + Extension.swift */,
				4BDFE64929C1E90700F56766 /* UIApplication + Extension.swift */,
			);
			path = "UIKit + Extension";
			sourceTree = "<group>";
		};
		B2D663D6D0610871913A6DBC /* Frameworks */ = {
			isa = PBXGroup;
			children = (
				F8BA4952E32EB78D53D28E30 /* Pods_myMusic.framework */,
			);
			name = Frameworks;
			sourceTree = "<group>";
		};
		B6CCF5EF86D1BE9E324203F8 /* Pods */ = {
			isa = PBXGroup;
			children = (
				606181429B44D21DF1C38361 /* Pods-myMusic.debug.xcconfig */,
				C951A9E57508DEF931A412C2 /* Pods-myMusic.release.xcconfig */,
			);
			path = Pods;
			sourceTree = "<group>";
		};
/* End PBXGroup section */

/* Begin PBXNativeTarget section */
		4BFCCE7F299A4D37009FC3F6 /* myMusic */ = {
			isa = PBXNativeTarget;
			buildConfigurationList = 4BFCCE94299A4D38009FC3F6 /* Build configuration list for PBXNativeTarget "myMusic" */;
			buildPhases = (
				719F4DC731FCAE3CE18F4A19 /* [CP] Check Pods Manifest.lock */,
				4BFCCE7C299A4D37009FC3F6 /* Sources */,
				4BFCCE7D299A4D37009FC3F6 /* Frameworks */,
				4BFCCE7E299A4D37009FC3F6 /* Resources */,
				0744155D6B53AEEE6B7DEE45 /* [CP] Embed Pods Frameworks */,
			);
			buildRules = (
			);
			dependencies = (
			);
			name = myMusic;
			productName = myMusic;
			productReference = 4BFCCE80299A4D37009FC3F6 /* myMusic.app */;
			productType = "com.apple.product-type.application";
		};
/* End PBXNativeTarget section */

/* Begin PBXProject section */
		4BFCCE78299A4D37009FC3F6 /* Project object */ = {
			isa = PBXProject;
			attributes = {
				BuildIndependentTargetsInParallel = 1;
				LastSwiftUpdateCheck = 1400;
				LastUpgradeCheck = 1400;
				TargetAttributes = {
					4BFCCE7F299A4D37009FC3F6 = {
						CreatedOnToolsVersion = 14.0.1;
					};
				};
			};
			buildConfigurationList = 4BFCCE7B299A4D37009FC3F6 /* Build configuration list for PBXProject "myMusic" */;
			compatibilityVersion = "Xcode 14.0";
			developmentRegion = en;
			hasScannedForEncodings = 0;
			knownRegions = (
				en,
				Base,
			);
			mainGroup = 4BFCCE77299A4D37009FC3F6;
			productRefGroup = 4BFCCE81299A4D37009FC3F6 /* Products */;
			projectDirPath = "";
			projectRoot = "";
			targets = (
				4BFCCE7F299A4D37009FC3F6 /* myMusic */,
			);
		};
/* End PBXProject section */

/* Begin PBXResourcesBuildPhase section */
		4BFCCE7E299A4D37009FC3F6 /* Resources */ = {
			isa = PBXResourcesBuildPhase;
			buildActionMask = 2147483647;
			files = (
				4BFCCE90299A4D38009FC3F6 /* LaunchScreen.storyboard in Resources */,
				4BFCCE8D299A4D38009FC3F6 /* Assets.xcassets in Resources */,
			);
			runOnlyForDeploymentPostprocessing = 0;
		};
/* End PBXResourcesBuildPhase section */

/* Begin PBXShellScriptBuildPhase section */
		0744155D6B53AEEE6B7DEE45 /* [CP] Embed Pods Frameworks */ = {
			isa = PBXShellScriptBuildPhase;
			buildActionMask = 2147483647;
			files = (
			);
			inputFileListPaths = (
				"${PODS_ROOT}/Target Support Files/Pods-myMusic/Pods-myMusic-frameworks-${CONFIGURATION}-input-files.xcfilelist",
			);
			name = "[CP] Embed Pods Frameworks";
			outputFileListPaths = (
				"${PODS_ROOT}/Target Support Files/Pods-myMusic/Pods-myMusic-frameworks-${CONFIGURATION}-output-files.xcfilelist",
			);
			runOnlyForDeploymentPostprocessing = 0;
			shellPath = /bin/sh;
			shellScript = "\"${PODS_ROOT}/Target Support Files/Pods-myMusic/Pods-myMusic-frameworks.sh\"\n";
			showEnvVarsInLog = 0;
		};
		719F4DC731FCAE3CE18F4A19 /* [CP] Check Pods Manifest.lock */ = {
			isa = PBXShellScriptBuildPhase;
			buildActionMask = 2147483647;
			files = (
			);
			inputFileListPaths = (
			);
			inputPaths = (
				"${PODS_PODFILE_DIR_PATH}/Podfile.lock",
				"${PODS_ROOT}/Manifest.lock",
			);
			name = "[CP] Check Pods Manifest.lock";
			outputFileListPaths = (
			);
			outputPaths = (
				"$(DERIVED_FILE_DIR)/Pods-myMusic-checkManifestLockResult.txt",
			);
			runOnlyForDeploymentPostprocessing = 0;
			shellPath = /bin/sh;
			shellScript = "diff \"${PODS_PODFILE_DIR_PATH}/Podfile.lock\" \"${PODS_ROOT}/Manifest.lock\" > /dev/null\nif [ $? != 0 ] ; then\n    # print error to STDERR\n    echo \"error: The sandbox is not in sync with the Podfile.lock. Run 'pod install' or update your CocoaPods installation.\" >&2\n    exit 1\nfi\n# This output is used by Xcode 'outputs' to avoid re-running this script phase.\necho \"SUCCESS\" > \"${SCRIPT_OUTPUT_FILE_0}\"\n";
			showEnvVarsInLog = 0;
		};
/* End PBXShellScriptBuildPhase section */

/* Begin PBXSourcesBuildPhase section */
		4BFCCE7C299A4D37009FC3F6 /* Sources */ = {
			isa = PBXSourcesBuildPhase;
			buildActionMask = 2147483647;
			files = (
				4B78A27229A1018B007DE4F5 /* UIFont + Extension.swift in Sources */,
				4B78A26A29A1012B007DE4F5 /* UIImageView + Extension.swift in Sources */,
				4BD4576E299AE94000C9DFFC /* SearchRouter.swift in Sources */,
				4BD4576C299AE94000C9DFFC /* SearchPresenter.swift in Sources */,
				4BC0CFED29A6316B00618880 /* CMTime + Extension.swift in Sources */,
				4BFCCE84299A4D37009FC3F6 /* AppDelegate.swift in Sources */,
				4B31316929B4E92300F72F42 /* MiniPlayerDelegate.swift in Sources */,
				4BD4574E299AC85700C9DFFC /* Track.swift in Sources */,
				4BDFE64A29C1E90700F56766 /* UIApplication + Extension.swift in Sources */,
				4B78A26C29A1013C007DE4F5 /* UILabel + Extension.swift in Sources */,
				4BD4576F299AE94000C9DFFC /* SearchModels.swift in Sources */,
				4BD45751299AD3FF00C9DFFC /* NetworkService.swift in Sources */,
				4BDABA2A299D07490031BD09 /* Updatable.swift in Sources */,
				4B19FE5129AE368000DDE281 /* SearchViewControllerBuilder.swift in Sources */,
				4BD45770299AE94000C9DFFC /* SearchViewController.swift in Sources */,
				4BB5165329A396B9006FFB1E /* TrackDetailsView.swift in Sources */,
				4BD45771299AE94000C9DFFC /* SearchInteractor.swift in Sources */,
				4BFB630B29A6735200454C67 /* TracksNavigationDelegate.swift in Sources */,
				4B77D42229C09917006E1365 /* UserDefaultsError.swift in Sources */,
				4BC35D4729A2497D00140545 /* TrackCellViewModel.swift in Sources */,
				4BFCCE9E299A5461009FC3F6 /* UIColor + Extension.swift in Sources */,
				4B31316729B4E10600F72F42 /* MiniPlayerView.swift in Sources */,
				4BD4574C299AC83400C9DFFC /* SearchResponse.swift in Sources */,
				4B78A27029A1016E007DE4F5 /* UIStackView + Extension.swift in Sources */,
				4B78A26E29A10151007DE4F5 /* UIButton + Extension.swift in Sources */,
				4BD4576D299AE94000C9DFFC /* SearchWorker.swift in Sources */,
				4B38CE7929A2752D0073D424 /* SearchHeader.swift in Sources */,
				4B9ABEAD29BE07E100A3457D /* Library.swift in Sources */,
				4BFCCE98299A4D88009FC3F6 /* MainTabBarController.swift in Sources */,
				4BFCCE86299A4D37009FC3F6 /* SceneDelegate.swift in Sources */,
				4B77D42029C095AF006E1365 /* UserDefaultsService.swift in Sources */,
				4BC0120E29A561A40068909E /* UISlider + Extension.swift in Sources */,
				4B19FE4029AE1EC700DDE281 /* ViewControllerBuilder.swift in Sources */,
				4BDABA27299D005F0031BD09 /* TrackCell.swift in Sources */,
			);
			runOnlyForDeploymentPostprocessing = 0;
		};
/* End PBXSourcesBuildPhase section */

/* Begin PBXVariantGroup section */
		4BFCCE8E299A4D38009FC3F6 /* LaunchScreen.storyboard */ = {
			isa = PBXVariantGroup;
			children = (
				4BFCCE8F299A4D38009FC3F6 /* Base */,
			);
			name = LaunchScreen.storyboard;
			sourceTree = "<group>";
		};
/* End PBXVariantGroup section */

/* Begin XCBuildConfiguration section */
		4BFCCE92299A4D38009FC3F6 /* Debug */ = {
			isa = XCBuildConfiguration;
			buildSettings = {
				ALWAYS_SEARCH_USER_PATHS = NO;
				CLANG_ANALYZER_NONNULL = YES;
				CLANG_ANALYZER_NUMBER_OBJECT_CONVERSION = YES_AGGRESSIVE;
				CLANG_CXX_LANGUAGE_STANDARD = "gnu++20";
				CLANG_ENABLE_MODULES = YES;
				CLANG_ENABLE_OBJC_ARC = YES;
				CLANG_ENABLE_OBJC_WEAK = YES;
				CLANG_WARN_BLOCK_CAPTURE_AUTORELEASING = YES;
				CLANG_WARN_BOOL_CONVERSION = YES;
				CLANG_WARN_COMMA = YES;
				CLANG_WARN_CONSTANT_CONVERSION = YES;
				CLANG_WARN_DEPRECATED_OBJC_IMPLEMENTATIONS = YES;
				CLANG_WARN_DIRECT_OBJC_ISA_USAGE = YES_ERROR;
				CLANG_WARN_DOCUMENTATION_COMMENTS = YES;
				CLANG_WARN_EMPTY_BODY = YES;
				CLANG_WARN_ENUM_CONVERSION = YES;
				CLANG_WARN_INFINITE_RECURSION = YES;
				CLANG_WARN_INT_CONVERSION = YES;
				CLANG_WARN_NON_LITERAL_NULL_CONVERSION = YES;
				CLANG_WARN_OBJC_IMPLICIT_RETAIN_SELF = YES;
				CLANG_WARN_OBJC_LITERAL_CONVERSION = YES;
				CLANG_WARN_OBJC_ROOT_CLASS = YES_ERROR;
				CLANG_WARN_QUOTED_INCLUDE_IN_FRAMEWORK_HEADER = YES;
				CLANG_WARN_RANGE_LOOP_ANALYSIS = YES;
				CLANG_WARN_STRICT_PROTOTYPES = YES;
				CLANG_WARN_SUSPICIOUS_MOVE = YES;
				CLANG_WARN_UNGUARDED_AVAILABILITY = YES_AGGRESSIVE;
				CLANG_WARN_UNREACHABLE_CODE = YES;
				CLANG_WARN__DUPLICATE_METHOD_MATCH = YES;
				COPY_PHASE_STRIP = NO;
				DEBUG_INFORMATION_FORMAT = dwarf;
				ENABLE_STRICT_OBJC_MSGSEND = YES;
				ENABLE_TESTABILITY = YES;
				GCC_C_LANGUAGE_STANDARD = gnu11;
				GCC_DYNAMIC_NO_PIC = NO;
				GCC_NO_COMMON_BLOCKS = YES;
				GCC_OPTIMIZATION_LEVEL = 0;
				GCC_PREPROCESSOR_DEFINITIONS = (
					"DEBUG=1",
					"$(inherited)",
				);
				GCC_WARN_64_TO_32_BIT_CONVERSION = YES;
				GCC_WARN_ABOUT_RETURN_TYPE = YES_ERROR;
				GCC_WARN_UNDECLARED_SELECTOR = YES;
				GCC_WARN_UNINITIALIZED_AUTOS = YES_AGGRESSIVE;
				GCC_WARN_UNUSED_FUNCTION = YES;
				GCC_WARN_UNUSED_VARIABLE = YES;
				IPHONEOS_DEPLOYMENT_TARGET = 16.0;
				MTL_ENABLE_DEBUG_INFO = INCLUDE_SOURCE;
				MTL_FAST_MATH = YES;
				ONLY_ACTIVE_ARCH = YES;
				SDKROOT = iphoneos;
				SWIFT_ACTIVE_COMPILATION_CONDITIONS = DEBUG;
				SWIFT_OPTIMIZATION_LEVEL = "-Onone";
			};
			name = Debug;
		};
		4BFCCE93299A4D38009FC3F6 /* Release */ = {
			isa = XCBuildConfiguration;
			buildSettings = {
				ALWAYS_SEARCH_USER_PATHS = NO;
				CLANG_ANALYZER_NONNULL = YES;
				CLANG_ANALYZER_NUMBER_OBJECT_CONVERSION = YES_AGGRESSIVE;
				CLANG_CXX_LANGUAGE_STANDARD = "gnu++20";
				CLANG_ENABLE_MODULES = YES;
				CLANG_ENABLE_OBJC_ARC = YES;
				CLANG_ENABLE_OBJC_WEAK = YES;
				CLANG_WARN_BLOCK_CAPTURE_AUTORELEASING = YES;
				CLANG_WARN_BOOL_CONVERSION = YES;
				CLANG_WARN_COMMA = YES;
				CLANG_WARN_CONSTANT_CONVERSION = YES;
				CLANG_WARN_DEPRECATED_OBJC_IMPLEMENTATIONS = YES;
				CLANG_WARN_DIRECT_OBJC_ISA_USAGE = YES_ERROR;
				CLANG_WARN_DOCUMENTATION_COMMENTS = YES;
				CLANG_WARN_EMPTY_BODY = YES;
				CLANG_WARN_ENUM_CONVERSION = YES;
				CLANG_WARN_INFINITE_RECURSION = YES;
				CLANG_WARN_INT_CONVERSION = YES;
				CLANG_WARN_NON_LITERAL_NULL_CONVERSION = YES;
				CLANG_WARN_OBJC_IMPLICIT_RETAIN_SELF = YES;
				CLANG_WARN_OBJC_LITERAL_CONVERSION = YES;
				CLANG_WARN_OBJC_ROOT_CLASS = YES_ERROR;
				CLANG_WARN_QUOTED_INCLUDE_IN_FRAMEWORK_HEADER = YES;
				CLANG_WARN_RANGE_LOOP_ANALYSIS = YES;
				CLANG_WARN_STRICT_PROTOTYPES = YES;
				CLANG_WARN_SUSPICIOUS_MOVE = YES;
				CLANG_WARN_UNGUARDED_AVAILABILITY = YES_AGGRESSIVE;
				CLANG_WARN_UNREACHABLE_CODE = YES;
				CLANG_WARN__DUPLICATE_METHOD_MATCH = YES;
				COPY_PHASE_STRIP = NO;
				DEBUG_INFORMATION_FORMAT = "dwarf-with-dsym";
				ENABLE_NS_ASSERTIONS = NO;
				ENABLE_STRICT_OBJC_MSGSEND = YES;
				GCC_C_LANGUAGE_STANDARD = gnu11;
				GCC_NO_COMMON_BLOCKS = YES;
				GCC_WARN_64_TO_32_BIT_CONVERSION = YES;
				GCC_WARN_ABOUT_RETURN_TYPE = YES_ERROR;
				GCC_WARN_UNDECLARED_SELECTOR = YES;
				GCC_WARN_UNINITIALIZED_AUTOS = YES_AGGRESSIVE;
				GCC_WARN_UNUSED_FUNCTION = YES;
				GCC_WARN_UNUSED_VARIABLE = YES;
				IPHONEOS_DEPLOYMENT_TARGET = 16.0;
				MTL_ENABLE_DEBUG_INFO = NO;
				MTL_FAST_MATH = YES;
				SDKROOT = iphoneos;
				SWIFT_COMPILATION_MODE = wholemodule;
				SWIFT_OPTIMIZATION_LEVEL = "-O";
				VALIDATE_PRODUCT = YES;
			};
			name = Release;
		};
		4BFCCE95299A4D38009FC3F6 /* Debug */ = {
			isa = XCBuildConfiguration;
			baseConfigurationReference = 606181429B44D21DF1C38361 /* Pods-myMusic.debug.xcconfig */;
			buildSettings = {
				ASSETCATALOG_COMPILER_APPICON_NAME = AppIcon;
				ASSETCATALOG_COMPILER_GLOBAL_ACCENT_COLOR_NAME = AccentColor;
				CODE_SIGN_STYLE = Automatic;
				CURRENT_PROJECT_VERSION = 1;
				DEVELOPMENT_TEAM = 57Y8KDNB9P;
				GENERATE_INFOPLIST_FILE = YES;
				INFOPLIST_FILE = myMusic/Sources/Info.plist;
				INFOPLIST_KEY_UIApplicationSupportsIndirectInputEvents = YES;
				INFOPLIST_KEY_UILaunchStoryboardName = LaunchScreen;
				INFOPLIST_KEY_UISupportedInterfaceOrientations_iPad = "UIInterfaceOrientationPortrait UIInterfaceOrientationPortraitUpsideDown UIInterfaceOrientationLandscapeLeft UIInterfaceOrientationLandscapeRight";
				INFOPLIST_KEY_UISupportedInterfaceOrientations_iPhone = "UIInterfaceOrientationPortrait UIInterfaceOrientationLandscapeLeft UIInterfaceOrientationLandscapeRight";
				LD_RUNPATH_SEARCH_PATHS = (
					"$(inherited)",
					"@executable_path/Frameworks",
				);
				MARKETING_VERSION = 1.0;
				PRODUCT_BUNDLE_IDENTIFIER = evgenii.levchenko.myMusic;
				PRODUCT_NAME = "$(TARGET_NAME)";
				SWIFT_EMIT_LOC_STRINGS = YES;
				SWIFT_VERSION = 5.0;
				TARGETED_DEVICE_FAMILY = "1,2";
			};
			name = Debug;
		};
		4BFCCE96299A4D38009FC3F6 /* Release */ = {
			isa = XCBuildConfiguration;
			baseConfigurationReference = C951A9E57508DEF931A412C2 /* Pods-myMusic.release.xcconfig */;
			buildSettings = {
				ASSETCATALOG_COMPILER_APPICON_NAME = AppIcon;
				ASSETCATALOG_COMPILER_GLOBAL_ACCENT_COLOR_NAME = AccentColor;
				CODE_SIGN_STYLE = Automatic;
				CURRENT_PROJECT_VERSION = 1;
				DEVELOPMENT_TEAM = 57Y8KDNB9P;
				GENERATE_INFOPLIST_FILE = YES;
				INFOPLIST_FILE = myMusic/Sources/Info.plist;
				INFOPLIST_KEY_UIApplicationSupportsIndirectInputEvents = YES;
				INFOPLIST_KEY_UILaunchStoryboardName = LaunchScreen;
				INFOPLIST_KEY_UISupportedInterfaceOrientations_iPad = "UIInterfaceOrientationPortrait UIInterfaceOrientationPortraitUpsideDown UIInterfaceOrientationLandscapeLeft UIInterfaceOrientationLandscapeRight";
				INFOPLIST_KEY_UISupportedInterfaceOrientations_iPhone = "UIInterfaceOrientationPortrait UIInterfaceOrientationLandscapeLeft UIInterfaceOrientationLandscapeRight";
				LD_RUNPATH_SEARCH_PATHS = (
					"$(inherited)",
					"@executable_path/Frameworks",
				);
				MARKETING_VERSION = 1.0;
				PRODUCT_BUNDLE_IDENTIFIER = evgenii.levchenko.myMusic;
				PRODUCT_NAME = "$(TARGET_NAME)";
				SWIFT_EMIT_LOC_STRINGS = YES;
				SWIFT_VERSION = 5.0;
				TARGETED_DEVICE_FAMILY = "1,2";
			};
			name = Release;
		};
/* End XCBuildConfiguration section */

/* Begin XCConfigurationList section */
		4BFCCE7B299A4D37009FC3F6 /* Build configuration list for PBXProject "myMusic" */ = {
			isa = XCConfigurationList;
			buildConfigurations = (
				4BFCCE92299A4D38009FC3F6 /* Debug */,
				4BFCCE93299A4D38009FC3F6 /* Release */,
			);
			defaultConfigurationIsVisible = 0;
			defaultConfigurationName = Release;
		};
		4BFCCE94299A4D38009FC3F6 /* Build configuration list for PBXNativeTarget "myMusic" */ = {
			isa = XCConfigurationList;
			buildConfigurations = (
				4BFCCE95299A4D38009FC3F6 /* Debug */,
				4BFCCE96299A4D38009FC3F6 /* Release */,
			);
			defaultConfigurationIsVisible = 0;
			defaultConfigurationName = Release;
		};
/* End XCConfigurationList section */
	};
	rootObject = 4BFCCE78299A4D37009FC3F6 /* Project object */;
}
